// !$*UTF8*$!
{
	archiveVersion = 1;
	classes = {
	};
	objectVersion = 56;
	objects = {

/* Begin PBXBuildFile section */
		2C91A1CB2B67556800811558 /* AppDelegate.swift in Sources */ = {isa = PBXBuildFile; fileRef = 2C91A1CA2B67556800811558 /* AppDelegate.swift */; };
		2C91A1CD2B67556800811558 /* Document.swift in Sources */ = {isa = PBXBuildFile; fileRef = 2C91A1CC2B67556800811558 /* Document.swift */; };
		2C91A1D02B67556800811558 /* Document.xib in Resources */ = {isa = PBXBuildFile; fileRef = 2C91A1CE2B67556800811558 /* Document.xib */; };
		2C91A1D22B67556C00811558 /* Assets.xcassets in Resources */ = {isa = PBXBuildFile; fileRef = 2C91A1D12B67556C00811558 /* Assets.xcassets */; };
		2C91A1D52B67556C00811558 /* MainMenu.xib in Resources */ = {isa = PBXBuildFile; fileRef = 2C91A1D32B67556C00811558 /* MainMenu.xib */; };
		2C91A1E12B67556D00811558 /* MacBattleTests.swift in Sources */ = {isa = PBXBuildFile; fileRef = 2C91A1E02B67556D00811558 /* MacBattleTests.swift */; };
		2C91A1EB2B67556D00811558 /* MacBattleUITests.swift in Sources */ = {isa = PBXBuildFile; fileRef = 2C91A1EA2B67556D00811558 /* MacBattleUITests.swift */; };
		2C91A1ED2B67556D00811558 /* MacBattleUITestsLaunchTests.swift in Sources */ = {isa = PBXBuildFile; fileRef = 2C91A1EC2B67556D00811558 /* MacBattleUITestsLaunchTests.swift */; };
/* End PBXBuildFile section */

/* Begin PBXContainerItemProxy section */
		2C91A1DD2B67556D00811558 /* PBXContainerItemProxy */ = {
			isa = PBXContainerItemProxy;
			containerPortal = 2C91A1BF2B67556800811558 /* Project object */;
			proxyType = 1;
			remoteGlobalIDString = 2C91A1C62B67556800811558;
			remoteInfo = MacBattle;
		};
		2C91A1E72B67556D00811558 /* PBXContainerItemProxy */ = {
			isa = PBXContainerItemProxy;
			containerPortal = 2C91A1BF2B67556800811558 /* Project object */;
			proxyType = 1;
			remoteGlobalIDString = 2C91A1C62B67556800811558;
			remoteInfo = MacBattle;
		};
/* End PBXContainerItemProxy section */

/* Begin PBXFileReference section */
		2C91A1C72B67556800811558 /* MacBattle.app */ = {isa = PBXFileReference; explicitFileType = wrapper.application; includeInIndex = 0; path = MacBattle.app; sourceTree = BUILT_PRODUCTS_DIR; };
		2C91A1CA2B67556800811558 /* AppDelegate.swift */ = {isa = PBXFileReference; lastKnownFileType = sourcecode.swift; path = AppDelegate.swift; sourceTree = "<group>"; };
		2C91A1CC2B67556800811558 /* Document.swift */ = {isa = PBXFileReference; lastKnownFileType = sourcecode.swift; path = Document.swift; sourceTree = "<group>"; };
		2C91A1CF2B67556800811558 /* Base */ = {isa = PBXFileReference; lastKnownFileType = file.xib; name = Base; path = Base.lproj/Document.xib; sourceTree = "<group>"; };
		2C91A1D12B67556C00811558 /* Assets.xcassets */ = {isa = PBXFileReference; lastKnownFileType = folder.assetcatalog; path = Assets.xcassets; sourceTree = "<group>"; };
		2C91A1D42B67556C00811558 /* Base */ = {isa = PBXFileReference; lastKnownFileType = file.xib; name = Base; path = Base.lproj/MainMenu.xib; sourceTree = "<group>"; };
		2C91A1D62B67556C00811558 /* Info.plist */ = {isa = PBXFileReference; lastKnownFileType = text.plist.xml; path = Info.plist; sourceTree = "<group>"; };
		2C91A1D72B67556C00811558 /* MacBattle.entitlements */ = {isa = PBXFileReference; lastKnownFileType = text.plist.entitlements; path = MacBattle.entitlements; sourceTree = "<group>"; };
		2C91A1DC2B67556D00811558 /* MacBattleTests.xctest */ = {isa = PBXFileReference; explicitFileType = wrapper.cfbundle; includeInIndex = 0; path = MacBattleTests.xctest; sourceTree = BUILT_PRODUCTS_DIR; };
		2C91A1E02B67556D00811558 /* MacBattleTests.swift */ = {isa = PBXFileReference; lastKnownFileType = sourcecode.swift; path = MacBattleTests.swift; sourceTree = "<group>"; };
		2C91A1E62B67556D00811558 /* MacBattleUITests.xctest */ = {isa = PBXFileReference; explicitFileType = wrapper.cfbundle; includeInIndex = 0; path = MacBattleUITests.xctest; sourceTree = BUILT_PRODUCTS_DIR; };
		2C91A1EA2B67556D00811558 /* MacBattleUITests.swift */ = {isa = PBXFileReference; lastKnownFileType = sourcecode.swift; path = MacBattleUITests.swift; sourceTree = "<group>"; };
		2C91A1EC2B67556D00811558 /* MacBattleUITestsLaunchTests.swift */ = {isa = PBXFileReference; lastKnownFileType = sourcecode.swift; path = MacBattleUITestsLaunchTests.swift; sourceTree = "<group>"; };
/* End PBXFileReference section */

/* Begin PBXFrameworksBuildPhase section */
		2C91A1C42B67556800811558 /* Frameworks */ = {
			isa = PBXFrameworksBuildPhase;
			buildActionMask = 2147483647;
			files = (
			);
			runOnlyForDeploymentPostprocessing = 0;
		};
		2C91A1D92B67556D00811558 /* Frameworks */ = {
			isa = PBXFrameworksBuildPhase;
			buildActionMask = 2147483647;
			files = (
			);
			runOnlyForDeploymentPostprocessing = 0;
		};
		2C91A1E32B67556D00811558 /* Frameworks */ = {
			isa = PBXFrameworksBuildPhase;
			buildActionMask = 2147483647;
			files = (
			);
			runOnlyForDeploymentPostprocessing = 0;
		};
/* End PBXFrameworksBuildPhase section */

/* Begin PBXGroup section */
		2C91A1BE2B67556800811558 = {
			isa = PBXGroup;
			children = (
				2C91A1C92B67556800811558 /* MacBattle */,
				2C91A1DF2B67556D00811558 /* MacBattleTests */,
				2C91A1E92B67556D00811558 /* MacBattleUITests */,
				2C91A1C82B67556800811558 /* Products */,
			);
			sourceTree = "<group>";
		};
		2C91A1C82B67556800811558 /* Products */ = {
			isa = PBXGroup;
			children = (
				2C91A1C72B67556800811558 /* MacBattle.app */,
				2C91A1DC2B67556D00811558 /* MacBattleTests.xctest */,
				2C91A1E62B67556D00811558 /* MacBattleUITests.xctest */,
			);
			name = Products;
			sourceTree = "<group>";
		};
		2C91A1C92B67556800811558 /* MacBattle */ = {
			isa = PBXGroup;
			children = (
				2C91A1CA2B67556800811558 /* AppDelegate.swift */,
				2C91A1CC2B67556800811558 /* Document.swift */,
				2C91A1CE2B67556800811558 /* Document.xib */,
				2C91A1D12B67556C00811558 /* Assets.xcassets */,
				2C91A1D32B67556C00811558 /* MainMenu.xib */,
				2C91A1D62B67556C00811558 /* Info.plist */,
				2C91A1D72B67556C00811558 /* MacBattle.entitlements */,
			);
			path = MacBattle;
			sourceTree = "<group>";
		};
		2C91A1DF2B67556D00811558 /* MacBattleTests */ = {
			isa = PBXGroup;
			children = (
				2C91A1E02B67556D00811558 /* MacBattleTests.swift */,
			);
			path = MacBattleTests;
			sourceTree = "<group>";
		};
		2C91A1E92B67556D00811558 /* MacBattleUITests */ = {
			isa = PBXGroup;
			children = (
				2C91A1EA2B67556D00811558 /* MacBattleUITests.swift */,
				2C91A1EC2B67556D00811558 /* MacBattleUITestsLaunchTests.swift */,
			);
			path = MacBattleUITests;
			sourceTree = "<group>";
		};
/* End PBXGroup section */

/* Begin PBXNativeTarget section */
		2C91A1C62B67556800811558 /* MacBattle */ = {
			isa = PBXNativeTarget;
			buildConfigurationList = 2C91A1F02B67556D00811558 /* Build configuration list for PBXNativeTarget "MacBattle" */;
			buildPhases = (
				2C91A1C32B67556800811558 /* Sources */,
				2C91A1C42B67556800811558 /* Frameworks */,
				2C91A1C52B67556800811558 /* Resources */,
			);
			buildRules = (
			);
			dependencies = (
			);
			name = MacBattle;
			productName = MacBattle;
			productReference = 2C91A1C72B67556800811558 /* MacBattle.app */;
			productType = "com.apple.product-type.application";
		};
		2C91A1DB2B67556D00811558 /* MacBattleTests */ = {
			isa = PBXNativeTarget;
			buildConfigurationList = 2C91A1F32B67556D00811558 /* Build configuration list for PBXNativeTarget "MacBattleTests" */;
			buildPhases = (
				2C91A1D82B67556D00811558 /* Sources */,
				2C91A1D92B67556D00811558 /* Frameworks */,
				2C91A1DA2B67556D00811558 /* Resources */,
			);
			buildRules = (
			);
			dependencies = (
				2C91A1DE2B67556D00811558 /* PBXTargetDependency */,
			);
			name = MacBattleTests;
			productName = MacBattleTests;
			productReference = 2C91A1DC2B67556D00811558 /* MacBattleTests.xctest */;
			productType = "com.apple.product-type.bundle.unit-test";
		};
		2C91A1E52B67556D00811558 /* MacBattleUITests */ = {
			isa = PBXNativeTarget;
			buildConfigurationList = 2C91A1F62B67556D00811558 /* Build configuration list for PBXNativeTarget "MacBattleUITests" */;
			buildPhases = (
				2C91A1E22B67556D00811558 /* Sources */,
				2C91A1E32B67556D00811558 /* Frameworks */,
				2C91A1E42B67556D00811558 /* Resources */,
			);
			buildRules = (
			);
			dependencies = (
				2C91A1E82B67556D00811558 /* PBXTargetDependency */,
			);
			name = MacBattleUITests;
			productName = MacBattleUITests;
			productReference = 2C91A1E62B67556D00811558 /* MacBattleUITests.xctest */;
			productType = "com.apple.product-type.bundle.ui-testing";
		};
/* End PBXNativeTarget section */

/* Begin PBXProject section */
		2C91A1BF2B67556800811558 /* Project object */ = {
			isa = PBXProject;
			attributes = {
				BuildIndependentTargetsInParallel = 1;
				LastSwiftUpdateCheck = 1420;
				LastUpgradeCheck = 1420;
				TargetAttributes = {
					2C91A1C62B67556800811558 = {
						CreatedOnToolsVersion = 14.2;
					};
					2C91A1DB2B67556D00811558 = {
						CreatedOnToolsVersion = 14.2;
						TestTargetID = 2C91A1C62B67556800811558;
					};
					2C91A1E52B67556D00811558 = {
						CreatedOnToolsVersion = 14.2;
						TestTargetID = 2C91A1C62B67556800811558;
					};
				};
			};
			buildConfigurationList = 2C91A1C22B67556800811558 /* Build configuration list for PBXProject "MacBattle" */;
			compatibilityVersion = "Xcode 14.0";
			developmentRegion = en;
			hasScannedForEncodings = 0;
			knownRegions = (
				en,
				Base,
			);
			mainGroup = 2C91A1BE2B67556800811558;
			productRefGroup = 2C91A1C82B67556800811558 /* Products */;
			projectDirPath = "";
			projectRoot = "";
			targets = (
				2C91A1C62B67556800811558 /* MacBattle */,
				2C91A1DB2B67556D00811558 /* MacBattleTests */,
				2C91A1E52B67556D00811558 /* MacBattleUITests */,
			);
		};
/* End PBXProject section */

/* Begin PBXResourcesBuildPhase section */
		2C91A1C52B67556800811558 /* Resources */ = {
			isa = PBXResourcesBuildPhase;
			buildActionMask = 2147483647;
			files = (
				2C91A1D22B67556C00811558 /* Assets.xcassets in Resources */,
				2C91A1D02B67556800811558 /* Document.xib in Resources */,
				2C91A1D52B67556C00811558 /* MainMenu.xib in Resources */,
			);
			runOnlyForDeploymentPostprocessing = 0;
		};
		2C91A1DA2B67556D00811558 /* Resources */ = {
			isa = PBXResourcesBuildPhase;
			buildActionMask = 2147483647;
			files = (
			);
			runOnlyForDeploymentPostprocessing = 0;
		};
		2C91A1E42B67556D00811558 /* Resources */ = {
			isa = PBXResourcesBuildPhase;
			buildActionMask = 2147483647;
			files = (
			);
			runOnlyForDeploymentPostprocessing = 0;
		};
/* End PBXResourcesBuildPhase section */

/* Begin PBXSourcesBuildPhase section */
		2C91A1C32B67556800811558 /* Sources */ = {
			isa = PBXSourcesBuildPhase;
			buildActionMask = 2147483647;
			files = (
				2C91A1CD2B67556800811558 /* Document.swift in Sources */,
				2C91A1CB2B67556800811558 /* AppDelegate.swift in Sources */,
			);
			runOnlyForDeploymentPostprocessing = 0;
		};
		2C91A1D82B67556D00811558 /* Sources */ = {
			isa = PBXSourcesBuildPhase;
			buildActionMask = 2147483647;
			files = (
				2C91A1E12B67556D00811558 /* MacBattleTests.swift in Sources */,
			);
			runOnlyForDeploymentPostprocessing = 0;
		};
		2C91A1E22B67556D00811558 /* Sources */ = {
			isa = PBXSourcesBuildPhase;
			buildActionMask = 2147483647;
			files = (
				2C91A1ED2B67556D00811558 /* MacBattleUITestsLaunchTests.swift in Sources */,
				2C91A1EB2B67556D00811558 /* MacBattleUITests.swift in Sources */,
			);
			runOnlyForDeploymentPostprocessing = 0;
		};
/* End PBXSourcesBuildPhase section */

/* Begin PBXTargetDependency section */
		2C91A1DE2B67556D00811558 /* PBXTargetDependency */ = {
			isa = PBXTargetDependency;
			target = 2C91A1C62B67556800811558 /* MacBattle */;
			targetProxy = 2C91A1DD2B67556D00811558 /* PBXContainerItemProxy */;
		};
		2C91A1E82B67556D00811558 /* PBXTargetDependency */ = {
			isa = PBXTargetDependency;
			target = 2C91A1C62B67556800811558 /* MacBattle */;
			targetProxy = 2C91A1E72B67556D00811558 /* PBXContainerItemProxy */;
		};
/* End PBXTargetDependency section */

/* Begin PBXVariantGroup section */
		2C91A1CE2B67556800811558 /* Document.xib */ = {
			isa = PBXVariantGroup;
			children = (
				2C91A1CF2B67556800811558 /* Base */,
			);
			name = Document.xib;
			sourceTree = "<group>";
		};
		2C91A1D32B67556C00811558 /* MainMenu.xib */ = {
			isa = PBXVariantGroup;
			children = (
				2C91A1D42B67556C00811558 /* Base */,
			);
			name = MainMenu.xib;
			sourceTree = "<group>";
		};
/* End PBXVariantGroup section */

/* Begin XCBuildConfiguration section */
		2C91A1EE2B67556D00811558 /* Debug */ = {
			isa = XCBuildConfiguration;
			buildSettings = {
				ALWAYS_SEARCH_USER_PATHS = NO;
				CLANG_ANALYZER_NONNULL = YES;
				CLANG_ANALYZER_NUMBER_OBJECT_CONVERSION = YES_AGGRESSIVE;
				CLANG_CXX_LANGUAGE_STANDARD = "gnu++20";
				CLANG_ENABLE_MODULES = YES;
				CLANG_ENABLE_OBJC_ARC = YES;
				CLANG_ENABLE_OBJC_WEAK = YES;
				CLANG_WARN_BLOCK_CAPTURE_AUTORELEASING = YES;
				CLANG_WARN_BOOL_CONVERSION = YES;
				CLANG_WARN_COMMA = YES;
				CLANG_WARN_CONSTANT_CONVERSION = YES;
				CLANG_WARN_DEPRECATED_OBJC_IMPLEMENTATIONS = YES;
				CLANG_WARN_DIRECT_OBJC_ISA_USAGE = YES_ERROR;
				CLANG_WARN_DOCUMENTATION_COMMENTS = YES;
				CLANG_WARN_EMPTY_BODY = YES;
				CLANG_WARN_ENUM_CONVERSION = YES;
				CLANG_WARN_INFINITE_RECURSION = YES;
				CLANG_WARN_INT_CONVERSION = YES;
				CLANG_WARN_NON_LITERAL_NULL_CONVERSION = YES;
				CLANG_WARN_OBJC_IMPLICIT_RETAIN_SELF = YES;
				CLANG_WARN_OBJC_LITERAL_CONVERSION = YES;
				CLANG_WARN_OBJC_ROOT_CLASS = YES_ERROR;
				CLANG_WARN_QUOTED_INCLUDE_IN_FRAMEWORK_HEADER = YES;
				CLANG_WARN_RANGE_LOOP_ANALYSIS = YES;
				CLANG_WARN_STRICT_PROTOTYPES = YES;
				CLANG_WARN_SUSPICIOUS_MOVE = YES;
				CLANG_WARN_UNGUARDED_AVAILABILITY = YES_AGGRESSIVE;
				CLANG_WARN_UNREACHABLE_CODE = YES;
				CLANG_WARN__DUPLICATE_METHOD_MATCH = YES;
				COPY_PHASE_STRIP = NO;
				DEBUG_INFORMATION_FORMAT = dwarf;
				ENABLE_STRICT_OBJC_MSGSEND = YES;
				ENABLE_TESTABILITY = YES;
				GCC_C_LANGUAGE_STANDARD = gnu11;
				GCC_DYNAMIC_NO_PIC = NO;
				GCC_NO_COMMON_BLOCKS = YES;
				GCC_OPTIMIZATION_LEVEL = 0;
				GCC_PREPROCESSOR_DEFINITIONS = (
					"DEBUG=1",
					"$(inherited)",
				);
				GCC_WARN_64_TO_32_BIT_CONVERSION = YES;
				GCC_WARN_ABOUT_RETURN_TYPE = YES_ERROR;
				GCC_WARN_UNDECLARED_SELECTOR = YES;
				GCC_WARN_UNINITIALIZED_AUTOS = YES_AGGRESSIVE;
				GCC_WARN_UNUSED_FUNCTION = YES;
				GCC_WARN_UNUSED_VARIABLE = YES;
				MACOSX_DEPLOYMENT_TARGET = 10.13;
				MARKETING_VERSION = 0.1;
				MTL_ENABLE_DEBUG_INFO = INCLUDE_SOURCE;
				MTL_FAST_MATH = YES;
				ONLY_ACTIVE_ARCH = YES;
				SDKROOT = macosx;
				SWIFT_ACTIVE_COMPILATION_CONDITIONS = DEBUG;
				SWIFT_OPTIMIZATION_LEVEL = "-Onone";
			};
			name = Debug;
		};
		2C91A1EF2B67556D00811558 /* Release */ = {
			isa = XCBuildConfiguration;
			buildSettings = {
				ALWAYS_SEARCH_USER_PATHS = NO;
				CLANG_ANALYZER_NONNULL = YES;
				CLANG_ANALYZER_NUMBER_OBJECT_CONVERSION = YES_AGGRESSIVE;
				CLANG_CXX_LANGUAGE_STANDARD = "gnu++20";
				CLANG_ENABLE_MODULES = YES;
				CLANG_ENABLE_OBJC_ARC = YES;
				CLANG_ENABLE_OBJC_WEAK = YES;
				CLANG_WARN_BLOCK_CAPTURE_AUTORELEASING = YES;
				CLANG_WARN_BOOL_CONVERSION = YES;
				CLANG_WARN_COMMA = YES;
				CLANG_WARN_CONSTANT_CONVERSION = YES;
				CLANG_WARN_DEPRECATED_OBJC_IMPLEMENTATIONS = YES;
				CLANG_WARN_DIRECT_OBJC_ISA_USAGE = YES_ERROR;
				CLANG_WARN_DOCUMENTATION_COMMENTS = YES;
				CLANG_WARN_EMPTY_BODY = YES;
				CLANG_WARN_ENUM_CONVERSION = YES;
				CLANG_WARN_INFINITE_RECURSION = YES;
				CLANG_WARN_INT_CONVERSION = YES;
				CLANG_WARN_NON_LITERAL_NULL_CONVERSION = YES;
				CLANG_WARN_OBJC_IMPLICIT_RETAIN_SELF = YES;
				CLANG_WARN_OBJC_LITERAL_CONVERSION = YES;
				CLANG_WARN_OBJC_ROOT_CLASS = YES_ERROR;
				CLANG_WARN_QUOTED_INCLUDE_IN_FRAMEWORK_HEADER = YES;
				CLANG_WARN_RANGE_LOOP_ANALYSIS = YES;
				CLANG_WARN_STRICT_PROTOTYPES = YES;
				CLANG_WARN_SUSPICIOUS_MOVE = YES;
				CLANG_WARN_UNGUARDED_AVAILABILITY = YES_AGGRESSIVE;
				CLANG_WARN_UNREACHABLE_CODE = YES;
				CLANG_WARN__DUPLICATE_METHOD_MATCH = YES;
				COPY_PHASE_STRIP = NO;
				DEBUG_INFORMATION_FORMAT = "dwarf-with-dsym";
				ENABLE_NS_ASSERTIONS = NO;
				ENABLE_STRICT_OBJC_MSGSEND = YES;
				GCC_C_LANGUAGE_STANDARD = gnu11;
				GCC_NO_COMMON_BLOCKS = YES;
				GCC_WARN_64_TO_32_BIT_CONVERSION = YES;
				GCC_WARN_ABOUT_RETURN_TYPE = YES_ERROR;
				GCC_WARN_UNDECLARED_SELECTOR = YES;
				GCC_WARN_UNINITIALIZED_AUTOS = YES_AGGRESSIVE;
				GCC_WARN_UNUSED_FUNCTION = YES;
				GCC_WARN_UNUSED_VARIABLE = YES;
				MACOSX_DEPLOYMENT_TARGET = 10.13;
				MARKETING_VERSION = 0.1;
				MTL_ENABLE_DEBUG_INFO = NO;
				MTL_FAST_MATH = YES;
				SDKROOT = macosx;
				SWIFT_COMPILATION_MODE = wholemodule;
				SWIFT_OPTIMIZATION_LEVEL = "-O";
			};
			name = Release;
		};
		2C91A1F12B67556D00811558 /* Debug */ = {
			isa = XCBuildConfiguration;
			buildSettings = {
				ASSETCATALOG_COMPILER_APPICON_NAME = AppIcon;
				ASSETCATALOG_COMPILER_GLOBAL_ACCENT_COLOR_NAME = AccentColor;
				CODE_SIGN_ENTITLEMENTS = MacBattle/MacBattle.entitlements;
				CODE_SIGN_STYLE = Automatic;
				COMBINE_HIDPI_IMAGES = YES;
				GENERATE_INFOPLIST_FILE = YES;
				INFOPLIST_FILE = MacBattle/Info.plist;
				INFOPLIST_KEY_NSHumanReadableCopyright = "";
				INFOPLIST_KEY_NSMainNibFile = MainMenu;
				INFOPLIST_KEY_NSPrincipalClass = NSApplication;
				LD_RUNPATH_SEARCH_PATHS = (
					"$(inherited)",
					"@executable_path/../Frameworks",
				);
				PRODUCT_BUNDLE_IDENTIFIER = com.mistysoftware.MacBattle;
				PRODUCT_NAME = "$(TARGET_NAME)";
				SWIFT_EMIT_LOC_STRINGS = YES;
				SWIFT_VERSION = 5.0;
			};
			name = Debug;
		};
		2C91A1F22B67556D00811558 /* Release */ = {
			isa = XCBuildConfiguration;
			buildSettings = {
				ASSETCATALOG_COMPILER_APPICON_NAME = AppIcon;
				ASSETCATALOG_COMPILER_GLOBAL_ACCENT_COLOR_NAME = AccentColor;
				CODE_SIGN_ENTITLEMENTS = MacBattle/MacBattle.entitlements;
				CODE_SIGN_STYLE = Automatic;
				COMBINE_HIDPI_IMAGES = YES;
				GENERATE_INFOPLIST_FILE = YES;
				INFOPLIST_FILE = MacBattle/Info.plist;
				INFOPLIST_KEY_NSHumanReadableCopyright = "";
				INFOPLIST_KEY_NSMainNibFile = MainMenu;
				INFOPLIST_KEY_NSPrincipalClass = NSApplication;
				LD_RUNPATH_SEARCH_PATHS = (
					"$(inherited)",
					"@executable_path/../Frameworks",
				);
				PRODUCT_BUNDLE_IDENTIFIER = com.mistysoftware.MacBattle;
				PRODUCT_NAME = "$(TARGET_NAME)";
				SWIFT_EMIT_LOC_STRINGS = YES;
				SWIFT_VERSION = 5.0;
			};
			name = Release;
		};
		2C91A1F42B67556D00811558 /* Debug */ = {
			isa = XCBuildConfiguration;
			buildSettings = {
				ALWAYS_EMBED_SWIFT_STANDARD_LIBRARIES = YES;
				BUNDLE_LOADER = "$(TEST_HOST)";
				CODE_SIGN_STYLE = Automatic;
				GENERATE_INFOPLIST_FILE = YES;
				MACOSX_DEPLOYMENT_TARGET = 12.7;
				PRODUCT_BUNDLE_IDENTIFIER = com.mistysoftware.MacBattleTests;
				PRODUCT_NAME = "$(TARGET_NAME)";
				SWIFT_EMIT_LOC_STRINGS = NO;
				SWIFT_VERSION = 5.0;
				TEST_HOST = "$(BUILT_PRODUCTS_DIR)/MacBattle.app/$(BUNDLE_EXECUTABLE_FOLDER_PATH)/MacBattle";
			};
			name = Debug;
		};
		2C91A1F52B67556D00811558 /* Release */ = {
			isa = XCBuildConfiguration;
			buildSettings = {
				ALWAYS_EMBED_SWIFT_STANDARD_LIBRARIES = YES;
				BUNDLE_LOADER = "$(TEST_HOST)";
				CODE_SIGN_STYLE = Automatic;
				GENERATE_INFOPLIST_FILE = YES;
				MACOSX_DEPLOYMENT_TARGET = 12.7;
				PRODUCT_BUNDLE_IDENTIFIER = com.mistysoftware.MacBattleTests;
				PRODUCT_NAME = "$(TARGET_NAME)";
				SWIFT_EMIT_LOC_STRINGS = NO;
				SWIFT_VERSION = 5.0;
				TEST_HOST = "$(BUILT_PRODUCTS_DIR)/MacBattle.app/$(BUNDLE_EXECUTABLE_FOLDER_PATH)/MacBattle";
			};
			name = Release;
		};
		2C91A1F72B67556D00811558 /* Debug */ = {
			isa = XCBuildConfiguration;
			buildSettings = {
				ALWAYS_EMBED_SWIFT_STANDARD_LIBRARIES = YES;
				CODE_SIGN_STYLE = Automatic;
				GENERATE_INFOPLIST_FILE = YES;
				PRODUCT_BUNDLE_IDENTIFIER = com.mistysoftware.MacBattleUITests;
				PRODUCT_NAME = "$(TARGET_NAME)";
				SWIFT_EMIT_LOC_STRINGS = NO;
				SWIFT_VERSION = 5.0;
				TEST_TARGET_NAME = MacBattle;
			};
			name = Debug;
		};
		2C91A1F82B67556D00811558 /* Release */ = {
			isa = XCBuildConfiguration;
			buildSettings = {
				ALWAYS_EMBED_SWIFT_STANDARD_LIBRARIES = YES;
				CODE_SIGN_STYLE = Automatic;
				GENERATE_INFOPLIST_FILE = YES;
				PRODUCT_BUNDLE_IDENTIFIER = com.mistysoftware.MacBattleUITests;
				PRODUCT_NAME = "$(TARGET_NAME)";
				SWIFT_EMIT_LOC_STRINGS = NO;
				SWIFT_VERSION = 5.0;
				TEST_TARGET_NAME = MacBattle;
			};
			name = Release;
		};
/* End XCBuildConfiguration section */

/* Begin XCConfigurationList section */
		2C91A1C22B67556800811558 /* Build configuration list for PBXProject "MacBattle" */ = {
			isa = XCConfigurationList;
			buildConfigurations = (
				2C91A1EE2B67556D00811558 /* Debug */,
				2C91A1EF2B67556D00811558 /* Release */,
			);
			defaultConfigurationIsVisible = 0;
			defaultConfigurationName = Release;
		};
		2C91A1F02B67556D00811558 /* Build configuration list for PBXNativeTarget "MacBattle" */ = {
			isa = XCConfigurationList;
			buildConfigurations = (
				2C91A1F12B67556D00811558 /* Debug */,
				2C91A1F22B67556D00811558 /* Release */,
			);
			defaultConfigurationIsVisible = 0;
			defaultConfigurationName = Release;
		};
		2C91A1F32B67556D00811558 /* Build configuration list for PBXNativeTarget "MacBattleTests" */ = {
			isa = XCConfigurationList;
			buildConfigurations = (
				2C91A1F42B67556D00811558 /* Debug */,
				2C91A1F52B67556D00811558 /* Release */,
			);
			defaultConfigurationIsVisible = 0;
			defaultConfigurationName = Release;
		};
		2C91A1F62B67556D00811558 /* Build configuration list for PBXNativeTarget "MacBattleUITests" */ = {
			isa = XCConfigurationList;
			buildConfigurations = (
				2C91A1F72B67556D00811558 /* Debug */,
				2C91A1F82B67556D00811558 /* Release */,
			);
			defaultConfigurationIsVisible = 0;
			defaultConfigurationName = Release;
		};
/* End XCConfigurationList section */
	};
	rootObject = 2C91A1BF2B67556800811558 /* Project object */;
}
